Microsoft Visual Studio Solution File, Format Version 12.00
# Visual Studio Version 17
VisualStudioVersion = 17.5.2.0
MinimumVisualStudioVersion = 10.0.40219.1
Project("{FAE04EC0-301F-11D3-BF4B-00C04F79EFBC}") = "compute.geometry", "compute.geometry.csproj", "{103F58A9-CD91-587B-FD4E-3753BE858955}"
EndProject
Global
	GlobalSection(SolutionConfigurationPlatforms) = preSolution
		Debug|Any CPU = Debug|Any CPU
		Release|Any CPU = Release|Any CPU
	EndGlobalSection
	GlobalSection(ProjectConfigurationPlatforms) = postSolution
		{103F58A9-CD91-587B-FD4E-3753BE858955}.Debug|Any CPU.ActiveCfg = Debug|Any CPU
		{103F58A9-CD91-587B-FD4E-3753BE858955}.Debug|Any CPU.Build.0 = Debug|Any CPU
		{103F58A9-CD91-587B-FD4E-3753BE858955}.Release|Any CPU.ActiveCfg = Release|Any CPU
		{103F58A9-CD91-587B-FD4E-3753BE858955}.Release|Any CPU.Build.0 = Release|Any CPU
	EndGlobalSection
	GlobalSection(SolutionProperties) = preSolution
		HideSolutionNode = FALSE
	EndGlobalSection
	GlobalSection(ExtensibilityGlobals) = postSolution
		SolutionGuid = {3CCA263A-72BA-47E4-B7FE-5A070917948F}
	EndGlobalSection
EndGlobal
